
Microsoft Visual Studio Solution File, Format Version 12.00
# Visual Studio Version 17
VisualStudioVersion = 17.9.34723.18
MinimumVisualStudioVersion = 10.0.40219.1
Project("{9A19103F-16F7-4668-BE54-9A1E7A4F7556}") = "VIP-Plugin", "VIP-Plugin.csproj", "{D738955E-190F-45CE-B859-85B17D2BB750}"
EndProject
Global
	GlobalSection(SolutionConfigurationPlatforms) = preSolution
		Debug|Any CPU = Debug|Any CPU
		Release|Any CPU = Release|Any CPU
	EndGlobalSection
	GlobalSection(ProjectConfigurationPlatforms) = postSolution
		{D738955E-190F-45CE-B859-85B17D2BB750}.Debug|Any CPU.ActiveCfg = Debug|Any CPU
		{D738955E-190F-45CE-B859-85B17D2BB750}.Debug|Any CPU.Build.0 = Debug|Any CPU
		{D738955E-190F-45CE-B859-85B17D2BB750}.Release|Any CPU.ActiveCfg = Release|Any CPU
		{D738955E-190F-45CE-B859-85B17D2BB750}.Release|Any CPU.Build.0 = Release|Any CPU
	EndGlobalSection
	GlobalSection(SolutionProperties) = preSolution
		HideSolutionNode = FALSE
	EndGlobalSection
	GlobalSection(ExtensibilityGlobals) = postSolution
		SolutionGuid = {83199E92-96DB-4A2D-B7FB-A12713BF6F01}
	EndGlobalSection
EndGlobal
